
Microsoft Visual Studio Solution File, Format Version 11.00
# Visual Studio 2010
# SharpDevelop 5.1
Project("{FAE04EC0-301F-11D3-BF4B-00C04F79EFBC}") = "EntornoPruebas", "EntornoPruebas.csproj", "{2780C597-ECE6-4A75-9F47-2B34091B7E7D}"
EndProject
Project("{FAE04EC0-301F-11D3-BF4B-00C04F79EFBC}") = "Ej1-Ej2", "..\Ej1-Ej2\Ej1-Ej2.csproj", "{C062F7A3-2A2C-45CE-8C65-DB0980CF5AE0}"
EndProject
Project("{FAE04EC0-301F-11D3-BF4B-00C04F79EFBC}") = "Ej3-Ej-4-Ej5-Ej6", "..\Ej3-Ej-4-Ej5-Ej6\Ej3-Ej-4-Ej5-Ej6.csproj", "{2328C26C-009E-4479-9337-3A1AE90E3894}"
EndProject
Project("{FAE04EC0-301F-11D3-BF4B-00C04F79EFBC}") = "Ej7", "..\Ej7\Ej7.csproj", "{6501D33A-2D2D-433C-B227-2669BFB8ADEE}"
EndProject
Global
	GlobalSection(SolutionConfigurationPlatforms) = preSolution
		Debug|Any CPU = Debug|Any CPU
		Release|Any CPU = Release|Any CPU
	EndGlobalSection
	GlobalSection(ProjectConfigurationPlatforms) = postSolution
		{2780C597-ECE6-4A75-9F47-2B34091B7E7D}.Debug|Any CPU.ActiveCfg = Debug|Any CPU
		{2780C597-ECE6-4A75-9F47-2B34091B7E7D}.Debug|Any CPU.Build.0 = Debug|Any CPU
		{2780C597-ECE6-4A75-9F47-2B34091B7E7D}.Release|Any CPU.ActiveCfg = Release|Any CPU
		{2780C597-ECE6-4A75-9F47-2B34091B7E7D}.Release|Any CPU.Build.0 = Release|Any CPU
		{C062F7A3-2A2C-45CE-8C65-DB0980CF5AE0}.Debug|Any CPU.ActiveCfg = Debug|Any CPU
		{C062F7A3-2A2C-45CE-8C65-DB0980CF5AE0}.Debug|Any CPU.Build.0 = Debug|Any CPU
		{C062F7A3-2A2C-45CE-8C65-DB0980CF5AE0}.Release|Any CPU.ActiveCfg = Release|Any CPU
		{C062F7A3-2A2C-45CE-8C65-DB0980CF5AE0}.Release|Any CPU.Build.0 = Release|Any CPU
		{2328C26C-009E-4479-9337-3A1AE90E3894}.Debug|Any CPU.ActiveCfg = Debug|Any CPU
		{2328C26C-009E-4479-9337-3A1AE90E3894}.Debug|Any CPU.Build.0 = Debug|Any CPU
		{2328C26C-009E-4479-9337-3A1AE90E3894}.Release|Any CPU.ActiveCfg = Release|Any CPU
		{2328C26C-009E-4479-9337-3A1AE90E3894}.Release|Any CPU.Build.0 = Release|Any CPU
		{6501D33A-2D2D-433C-B227-2669BFB8ADEE}.Debug|Any CPU.ActiveCfg = Debug|Any CPU
		{6501D33A-2D2D-433C-B227-2669BFB8ADEE}.Debug|Any CPU.Build.0 = Debug|Any CPU
		{6501D33A-2D2D-433C-B227-2669BFB8ADEE}.Release|Any CPU.ActiveCfg = Release|Any CPU
		{6501D33A-2D2D-433C-B227-2669BFB8ADEE}.Release|Any CPU.Build.0 = Release|Any CPU
	EndGlobalSection
EndGlobal
