
Microsoft Visual Studio Solution File, Format Version 11.00
# Visual Studio 2010
# SharpDevelop 5.1
Project("{FAE04EC0-301F-11D3-BF4B-00C04F79EFBC}") = "Proyecto2022", "Proyecto2022.csproj", "{63EB4A07-0B70-4C21-A822-CD79C01DA72A}"
EndProject
Global
	GlobalSection(SolutionConfigurationPlatforms) = preSolution
		Debug|Any CPU = Debug|Any CPU
		Release|Any CPU = Release|Any CPU
	EndGlobalSection
	GlobalSection(ProjectConfigurationPlatforms) = postSolution
		{63EB4A07-0B70-4C21-A822-CD79C01DA72A}.Debug|Any CPU.ActiveCfg = Debug|Any CPU
		{63EB4A07-0B70-4C21-A822-CD79C01DA72A}.Debug|Any CPU.Build.0 = Debug|Any CPU
		{63EB4A07-0B70-4C21-A822-CD79C01DA72A}.Release|Any CPU.ActiveCfg = Release|Any CPU
		{63EB4A07-0B70-4C21-A822-CD79C01DA72A}.Release|Any CPU.Build.0 = Release|Any CPU
	EndGlobalSection
EndGlobal
