
Microsoft Visual Studio Solution File, Format Version 11.00
# Visual Studio 2010
# SharpDevelop 5.1
Project("{FAE04EC0-301F-11D3-BF4B-00C04F79EFBC}") = "Ej_1_2_3_4_5", "Ej_1_2_3_4_5.csproj", "{7043F46F-874B-41BF-A531-490B1A54F9E5}"
EndProject
Global
	GlobalSection(SolutionConfigurationPlatforms) = preSolution
		Debug|Any CPU = Debug|Any CPU
		Release|Any CPU = Release|Any CPU
	EndGlobalSection
	GlobalSection(ProjectConfigurationPlatforms) = postSolution
		{7043F46F-874B-41BF-A531-490B1A54F9E5}.Debug|Any CPU.ActiveCfg = Debug|Any CPU
		{7043F46F-874B-41BF-A531-490B1A54F9E5}.Debug|Any CPU.Build.0 = Debug|Any CPU
		{7043F46F-874B-41BF-A531-490B1A54F9E5}.Release|Any CPU.ActiveCfg = Release|Any CPU
		{7043F46F-874B-41BF-A531-490B1A54F9E5}.Release|Any CPU.Build.0 = Release|Any CPU
	EndGlobalSection
EndGlobal
